
Microsoft Visual Studio Solution File, Format Version 12.00
# Visual Studio Version 17
VisualStudioVersion = 17.0.31903.59
MinimumVisualStudioVersion = 10.0.40219.1
Project("{2150E333-8FDC-42A3-9474-1A3956D46DE8}") = "src", "src", "{827E0CD3-B72D-47B6-A68D-7590B98EB39B}"
EndProject
Project("{FAE04EC0-301F-11D3-BF4B-00C04F79EFBC}") = "InstallerSevenZipTool", "src\InstallerSevenZipTool\InstallerSevenZipTool.csproj", "{0B1ABDDF-76D1-4956-AF51-00A2357CC4C3}"
EndProject
Project("{FAE04EC0-301F-11D3-BF4B-00C04F79EFBC}") = "InstallerSevenZipLib", "src\InstallerSevenZipLib\InstallerSevenZipLib.csproj", "{56EB5B90-DE61-4FE0-9574-063611FA4505}"
EndProject
Project("{FAE04EC0-301F-11D3-BF4B-00C04F79EFBC}") = "InstallerCreateTool", "src\InstallerCreateTool\InstallerCreateTool.csproj", "{2FF4CCDF-4B3F-43DE-9EB1-40557C739937}"
EndProject
Project("{FAE04EC0-301F-11D3-BF4B-00C04F79EFBC}") = "DotNetCampus.Installer.Sample", "src\DotNetCampus.Installer.Sample\DotNetCampus.Installer.Sample.csproj", "{34E15124-2AB3-4743-833A-5BD8CBD5EFD6}"
EndProject
Project("{FAE04EC0-301F-11D3-BF4B-00C04F79EFBC}") = "DotNetCampus.Installer.Lib", "src\DotNetCampus.Installer.Lib\DotNetCampus.Installer.Lib.csproj", "{B0BFEF8F-DB54-48DC-AEFF-D168922A9868}"
EndProject
Project("{FAE04EC0-301F-11D3-BF4B-00C04F79EFBC}") = "DotNetCampus.Installer.Boost", "src\DotNetCampus.Installer.Boost\DotNetCampus.Installer.Boost.csproj", "{6563377A-B3D2-4932-85C5-23BA55B2D693}"
EndProject
Global
	GlobalSection(SolutionConfigurationPlatforms) = preSolution
		Debug|Any CPU = Debug|Any CPU
		Debug|x64 = Debug|x64
		Debug|x86 = Debug|x86
		Release|Any CPU = Release|Any CPU
		Release|x64 = Release|x64
		Release|x86 = Release|x86
	EndGlobalSection
	GlobalSection(ProjectConfigurationPlatforms) = postSolution
		{0B1ABDDF-76D1-4956-AF51-00A2357CC4C3}.Debug|Any CPU.ActiveCfg = Debug|Any CPU
		{0B1ABDDF-76D1-4956-AF51-00A2357CC4C3}.Debug|Any CPU.Build.0 = Debug|Any CPU
		{0B1ABDDF-76D1-4956-AF51-00A2357CC4C3}.Debug|x64.ActiveCfg = Debug|Any CPU
		{0B1ABDDF-76D1-4956-AF51-00A2357CC4C3}.Debug|x64.Build.0 = Debug|Any CPU
		{0B1ABDDF-76D1-4956-AF51-00A2357CC4C3}.Debug|x86.ActiveCfg = Debug|Any CPU
		{0B1ABDDF-76D1-4956-AF51-00A2357CC4C3}.Debug|x86.Build.0 = Debug|Any CPU
		{0B1ABDDF-76D1-4956-AF51-00A2357CC4C3}.Release|Any CPU.ActiveCfg = Release|Any CPU
		{0B1ABDDF-76D1-4956-AF51-00A2357CC4C3}.Release|Any CPU.Build.0 = Release|Any CPU
		{0B1ABDDF-76D1-4956-AF51-00A2357CC4C3}.Release|x64.ActiveCfg = Release|Any CPU
		{0B1ABDDF-76D1-4956-AF51-00A2357CC4C3}.Release|x64.Build.0 = Release|Any CPU
		{0B1ABDDF-76D1-4956-AF51-00A2357CC4C3}.Release|x86.ActiveCfg = Release|Any CPU
		{0B1ABDDF-76D1-4956-AF51-00A2357CC4C3}.Release|x86.Build.0 = Release|Any CPU
		{56EB5B90-DE61-4FE0-9574-063611FA4505}.Debug|Any CPU.ActiveCfg = Debug|Any CPU
		{56EB5B90-DE61-4FE0-9574-063611FA4505}.Debug|Any CPU.Build.0 = Debug|Any CPU
		{56EB5B90-DE61-4FE0-9574-063611FA4505}.Debug|x64.ActiveCfg = Debug|Any CPU
		{56EB5B90-DE61-4FE0-9574-063611FA4505}.Debug|x64.Build.0 = Debug|Any CPU
		{56EB5B90-DE61-4FE0-9574-063611FA4505}.Debug|x86.ActiveCfg = Debug|Any CPU
		{56EB5B90-DE61-4FE0-9574-063611FA4505}.Debug|x86.Build.0 = Debug|Any CPU
		{56EB5B90-DE61-4FE0-9574-063611FA4505}.Release|Any CPU.ActiveCfg = Release|Any CPU
		{56EB5B90-DE61-4FE0-9574-063611FA4505}.Release|Any CPU.Build.0 = Release|Any CPU
		{56EB5B90-DE61-4FE0-9574-063611FA4505}.Release|x64.ActiveCfg = Release|Any CPU
		{56EB5B90-DE61-4FE0-9574-063611FA4505}.Release|x64.Build.0 = Release|Any CPU
		{56EB5B90-DE61-4FE0-9574-063611FA4505}.Release|x86.ActiveCfg = Release|Any CPU
		{56EB5B90-DE61-4FE0-9574-063611FA4505}.Release|x86.Build.0 = Release|Any CPU
		{2FF4CCDF-4B3F-43DE-9EB1-40557C739937}.Debug|Any CPU.ActiveCfg = Debug|Any CPU
		{2FF4CCDF-4B3F-43DE-9EB1-40557C739937}.Debug|Any CPU.Build.0 = Debug|Any CPU
		{2FF4CCDF-4B3F-43DE-9EB1-40557C739937}.Debug|x64.ActiveCfg = Debug|Any CPU
		{2FF4CCDF-4B3F-43DE-9EB1-40557C739937}.Debug|x64.Build.0 = Debug|Any CPU
		{2FF4CCDF-4B3F-43DE-9EB1-40557C739937}.Debug|x86.ActiveCfg = Debug|Any CPU
		{2FF4CCDF-4B3F-43DE-9EB1-40557C739937}.Debug|x86.Build.0 = Debug|Any CPU
		{2FF4CCDF-4B3F-43DE-9EB1-40557C739937}.Release|Any CPU.ActiveCfg = Release|Any CPU
		{2FF4CCDF-4B3F-43DE-9EB1-40557C739937}.Release|Any CPU.Build.0 = Release|Any CPU
		{2FF4CCDF-4B3F-43DE-9EB1-40557C739937}.Release|x64.ActiveCfg = Release|Any CPU
		{2FF4CCDF-4B3F-43DE-9EB1-40557C739937}.Release|x64.Build.0 = Release|Any CPU
		{2FF4CCDF-4B3F-43DE-9EB1-40557C739937}.Release|x86.ActiveCfg = Release|Any CPU
		{2FF4CCDF-4B3F-43DE-9EB1-40557C739937}.Release|x86.Build.0 = Release|Any CPU
		{34E15124-2AB3-4743-833A-5BD8CBD5EFD6}.Debug|Any CPU.ActiveCfg = Debug|Any CPU
		{34E15124-2AB3-4743-833A-5BD8CBD5EFD6}.Debug|Any CPU.Build.0 = Debug|Any CPU
		{34E15124-2AB3-4743-833A-5BD8CBD5EFD6}.Debug|x64.ActiveCfg = Debug|Any CPU
		{34E15124-2AB3-4743-833A-5BD8CBD5EFD6}.Debug|x64.Build.0 = Debug|Any CPU
		{34E15124-2AB3-4743-833A-5BD8CBD5EFD6}.Debug|x86.ActiveCfg = Debug|Any CPU
		{34E15124-2AB3-4743-833A-5BD8CBD5EFD6}.Debug|x86.Build.0 = Debug|Any CPU
		{34E15124-2AB3-4743-833A-5BD8CBD5EFD6}.Release|Any CPU.ActiveCfg = Release|Any CPU
		{34E15124-2AB3-4743-833A-5BD8CBD5EFD6}.Release|Any CPU.Build.0 = Release|Any CPU
		{34E15124-2AB3-4743-833A-5BD8CBD5EFD6}.Release|x64.ActiveCfg = Release|Any CPU
		{34E15124-2AB3-4743-833A-5BD8CBD5EFD6}.Release|x64.Build.0 = Release|Any CPU
		{34E15124-2AB3-4743-833A-5BD8CBD5EFD6}.Release|x86.ActiveCfg = Release|Any CPU
		{34E15124-2AB3-4743-833A-5BD8CBD5EFD6}.Release|x86.Build.0 = Release|Any CPU
		{B0BFEF8F-DB54-48DC-AEFF-D168922A9868}.Debug|Any CPU.ActiveCfg = Debug|Any CPU
		{B0BFEF8F-DB54-48DC-AEFF-D168922A9868}.Debug|Any CPU.Build.0 = Debug|Any CPU
		{B0BFEF8F-DB54-48DC-AEFF-D168922A9868}.Debug|x64.ActiveCfg = Debug|Any CPU
		{B0BFEF8F-DB54-48DC-AEFF-D168922A9868}.Debug|x64.Build.0 = Debug|Any CPU
		{B0BFEF8F-DB54-48DC-AEFF-D168922A9868}.Debug|x86.ActiveCfg = Debug|Any CPU
		{B0BFEF8F-DB54-48DC-AEFF-D168922A9868}.Debug|x86.Build.0 = Debug|Any CPU
		{B0BFEF8F-DB54-48DC-AEFF-D168922A9868}.Release|Any CPU.ActiveCfg = Release|Any CPU
		{B0BFEF8F-DB54-48DC-AEFF-D168922A9868}.Release|Any CPU.Build.0 = Release|Any CPU
		{B0BFEF8F-DB54-48DC-AEFF-D168922A9868}.Release|x64.ActiveCfg = Release|Any CPU
		{B0BFEF8F-DB54-48DC-AEFF-D168922A9868}.Release|x64.Build.0 = Release|Any CPU
		{B0BFEF8F-DB54-48DC-AEFF-D168922A9868}.Release|x86.ActiveCfg = Release|Any CPU
		{B0BFEF8F-DB54-48DC-AEFF-D168922A9868}.Release|x86.Build.0 = Release|Any CPU
		{6563377A-B3D2-4932-85C5-23BA55B2D693}.Debug|Any CPU.ActiveCfg = Debug|Any CPU
		{6563377A-B3D2-4932-85C5-23BA55B2D693}.Debug|Any CPU.Build.0 = Debug|Any CPU
		{6563377A-B3D2-4932-85C5-23BA55B2D693}.Debug|x64.ActiveCfg = Debug|Any CPU
		{6563377A-B3D2-4932-85C5-23BA55B2D693}.Debug|x64.Build.0 = Debug|Any CPU
		{6563377A-B3D2-4932-85C5-23BA55B2D693}.Debug|x86.ActiveCfg = Debug|Any CPU
		{6563377A-B3D2-4932-85C5-23BA55B2D693}.Debug|x86.Build.0 = Debug|Any CPU
		{6563377A-B3D2-4932-85C5-23BA55B2D693}.Release|Any CPU.ActiveCfg = Release|Any CPU
		{6563377A-B3D2-4932-85C5-23BA55B2D693}.Release|Any CPU.Build.0 = Release|Any CPU
		{6563377A-B3D2-4932-85C5-23BA55B2D693}.Release|x64.ActiveCfg = Release|Any CPU
		{6563377A-B3D2-4932-85C5-23BA55B2D693}.Release|x64.Build.0 = Release|Any CPU
		{6563377A-B3D2-4932-85C5-23BA55B2D693}.Release|x86.ActiveCfg = Release|Any CPU
		{6563377A-B3D2-4932-85C5-23BA55B2D693}.Release|x86.Build.0 = Release|Any CPU
	EndGlobalSection
	GlobalSection(SolutionProperties) = preSolution
		HideSolutionNode = FALSE
	EndGlobalSection
	GlobalSection(NestedProjects) = preSolution
		{0B1ABDDF-76D1-4956-AF51-00A2357CC4C3} = {827E0CD3-B72D-47B6-A68D-7590B98EB39B}
		{56EB5B90-DE61-4FE0-9574-063611FA4505} = {827E0CD3-B72D-47B6-A68D-7590B98EB39B}
		{2FF4CCDF-4B3F-43DE-9EB1-40557C739937} = {827E0CD3-B72D-47B6-A68D-7590B98EB39B}
		{34E15124-2AB3-4743-833A-5BD8CBD5EFD6} = {827E0CD3-B72D-47B6-A68D-7590B98EB39B}
		{B0BFEF8F-DB54-48DC-AEFF-D168922A9868} = {827E0CD3-B72D-47B6-A68D-7590B98EB39B}
		{6563377A-B3D2-4932-85C5-23BA55B2D693} = {827E0CD3-B72D-47B6-A68D-7590B98EB39B}
	EndGlobalSection
EndGlobal
