
Microsoft Visual Studio Solution File, Format Version 12.00
# Visual Studio Version 17
VisualStudioVersion = 17.0.31903.59
MinimumVisualStudioVersion = 10.0.40219.1
Project("{FAE04EC0-301F-11D3-BF4B-00C04F79EFBC}") = "InstallerSevenZipTool", "src\InstallerSevenZipTool\InstallerSevenZipTool.csproj", "{0B1ABDDF-76D1-4956-AF51-00A2357CC4C3}"
EndProject
Project("{FAE04EC0-301F-11D3-BF4B-00C04F79EFBC}") = "InstallerSevenZipLib", "src\InstallerSevenZipLib\InstallerSevenZipLib.csproj", "{56EB5B90-DE61-4FE0-9574-063611FA4505}"
EndProject
Project("{FAE04EC0-301F-11D3-BF4B-00C04F79EFBC}") = "InstallerCreateTool", "src\InstallerCreateTool\InstallerCreateTool.csproj", "{2FF4CCDF-4B3F-43DE-9EB1-40557C739937}"
EndProject
Project("{FAE04EC0-301F-11D3-BF4B-00C04F79EFBC}") = "DotNetCampus.Installer.Sample", "src\DotNetCampus.Installer.Sample\DotNetCampus.Installer.Sample.csproj", "{34E15124-2AB3-4743-833A-5BD8CBD5EFD6}"
EndProject
Project("{FAE04EC0-301F-11D3-BF4B-00C04F79EFBC}") = "DotNetCampus.Installer.Lib", "src\DotNetCampus.Installer.Lib\DotNetCampus.Installer.Lib.csproj", "{B0BFEF8F-DB54-48DC-AEFF-D168922A9868}"
EndProject
Project("{FAE04EC0-301F-11D3-BF4B-00C04F79EFBC}") = "DotNetCampus.Installer.Boost", "src\DotNetCampus.Installer.Boost\DotNetCampus.Installer.Boost.csproj", "{6563377A-B3D2-4932-85C5-23BA55B2D693}"
EndProject
Project("{2150E333-8FDC-42A3-9474-1A3956D46DE8}") = "Solution Items", "Solution Items", "{089100B1-113F-4E66-888A-E83F3999EAFD}"
	ProjectSection(SolutionItems) = preProject
		Directory.Build.props = Directory.Build.props
		LICENSE = LICENSE
		README.md = README.md
		build\Version.props = build\Version.props
	EndProjectSection
EndProject
Project("{2150E333-8FDC-42A3-9474-1A3956D46DE8}") = "Lib", "Lib", "{3A8DF596-E814-FECC-DD4B-D8EF8AAC1A0D}"
EndProject
Project("{2150E333-8FDC-42A3-9474-1A3956D46DE8}") = "Tool", "Tool", "{C2B7AC55-755F-98EC-7131-AA75D4EC5C29}"
EndProject
Project("{2150E333-8FDC-42A3-9474-1A3956D46DE8}") = "Sample", "Sample", "{4F9DEAE5-078F-E77A-2E4A-FEB6FFE226FF}"
EndProject
Project("{FAE04EC0-301F-11D3-BF4B-00C04F79EFBC}") = "DotNetCampus.Installer.AvaloniaSample", "src\DotNetCampus.Installer.AvaloniaSample\DotNetCampus.Installer.AvaloniaSample.csproj", "{1F548C4B-84A2-4A05-86D4-81932E78C942}"
EndProject
Project("{FAE04EC0-301F-11D3-BF4B-00C04F79EFBC}") = "DotNetCampus.Installer.Lib.Tests", "src\DotNetCampus.Installer.Lib.Tests\DotNetCampus.Installer.Lib.Tests.csproj", "{E169914C-8D13-E977-8D4C-A603B5083B3B}"
EndProject
Global
	GlobalSection(SolutionConfigurationPlatforms) = preSolution
		Debug|Any CPU = Debug|Any CPU
		Debug|x64 = Debug|x64
		Debug|x86 = Debug|x86
		Release|Any CPU = Release|Any CPU
		Release|x64 = Release|x64
		Release|x86 = Release|x86
	EndGlobalSection
	GlobalSection(ProjectConfigurationPlatforms) = postSolution
		{0B1ABDDF-76D1-4956-AF51-00A2357CC4C3}.Debug|Any CPU.ActiveCfg = Debug|Any CPU
		{0B1ABDDF-76D1-4956-AF51-00A2357CC4C3}.Debug|Any CPU.Build.0 = Debug|Any CPU
		{0B1ABDDF-76D1-4956-AF51-00A2357CC4C3}.Debug|x64.ActiveCfg = Debug|Any CPU
		{0B1ABDDF-76D1-4956-AF51-00A2357CC4C3}.Debug|x64.Build.0 = Debug|Any CPU
		{0B1ABDDF-76D1-4956-AF51-00A2357CC4C3}.Debug|x86.ActiveCfg = Debug|Any CPU
		{0B1ABDDF-76D1-4956-AF51-00A2357CC4C3}.Debug|x86.Build.0 = Debug|Any CPU
		{0B1ABDDF-76D1-4956-AF51-00A2357CC4C3}.Release|Any CPU.ActiveCfg = Release|Any CPU
		{0B1ABDDF-76D1-4956-AF51-00A2357CC4C3}.Release|Any CPU.Build.0 = Release|Any CPU
		{0B1ABDDF-76D1-4956-AF51-00A2357CC4C3}.Release|x64.ActiveCfg = Release|Any CPU
		{0B1ABDDF-76D1-4956-AF51-00A2357CC4C3}.Release|x64.Build.0 = Release|Any CPU
		{0B1ABDDF-76D1-4956-AF51-00A2357CC4C3}.Release|x86.ActiveCfg = Release|Any CPU
		{0B1ABDDF-76D1-4956-AF51-00A2357CC4C3}.Release|x86.Build.0 = Release|Any CPU
		{56EB5B90-DE61-4FE0-9574-063611FA4505}.Debug|Any CPU.ActiveCfg = Debug|Any CPU
		{56EB5B90-DE61-4FE0-9574-063611FA4505}.Debug|Any CPU.Build.0 = Debug|Any CPU
		{56EB5B90-DE61-4FE0-9574-063611FA4505}.Debug|x64.ActiveCfg = Debug|Any CPU
		{56EB5B90-DE61-4FE0-9574-063611FA4505}.Debug|x64.Build.0 = Debug|Any CPU
		{56EB5B90-DE61-4FE0-9574-063611FA4505}.Debug|x86.ActiveCfg = Debug|Any CPU
		{56EB5B90-DE61-4FE0-9574-063611FA4505}.Debug|x86.Build.0 = Debug|Any CPU
		{56EB5B90-DE61-4FE0-9574-063611FA4505}.Release|Any CPU.ActiveCfg = Release|Any CPU
		{56EB5B90-DE61-4FE0-9574-063611FA4505}.Release|Any CPU.Build.0 = Release|Any CPU
		{56EB5B90-DE61-4FE0-9574-063611FA4505}.Release|x64.ActiveCfg = Release|Any CPU
		{56EB5B90-DE61-4FE0-9574-063611FA4505}.Release|x64.Build.0 = Release|Any CPU
		{56EB5B90-DE61-4FE0-9574-063611FA4505}.Release|x86.ActiveCfg = Release|Any CPU
		{56EB5B90-DE61-4FE0-9574-063611FA4505}.Release|x86.Build.0 = Release|Any CPU
		{2FF4CCDF-4B3F-43DE-9EB1-40557C739937}.Debug|Any CPU.ActiveCfg = Debug|Any CPU
		{2FF4CCDF-4B3F-43DE-9EB1-40557C739937}.Debug|Any CPU.Build.0 = Debug|Any CPU
		{2FF4CCDF-4B3F-43DE-9EB1-40557C739937}.Debug|x64.ActiveCfg = Debug|Any CPU
		{2FF4CCDF-4B3F-43DE-9EB1-40557C739937}.Debug|x64.Build.0 = Debug|Any CPU
		{2FF4CCDF-4B3F-43DE-9EB1-40557C739937}.Debug|x86.ActiveCfg = Debug|Any CPU
		{2FF4CCDF-4B3F-43DE-9EB1-40557C739937}.Debug|x86.Build.0 = Debug|Any CPU
		{2FF4CCDF-4B3F-43DE-9EB1-40557C739937}.Release|Any CPU.ActiveCfg = Release|Any CPU
		{2FF4CCDF-4B3F-43DE-9EB1-40557C739937}.Release|Any CPU.Build.0 = Release|Any CPU
		{2FF4CCDF-4B3F-43DE-9EB1-40557C739937}.Release|x64.ActiveCfg = Release|Any CPU
		{2FF4CCDF-4B3F-43DE-9EB1-40557C739937}.Release|x64.Build.0 = Release|Any CPU
		{2FF4CCDF-4B3F-43DE-9EB1-40557C739937}.Release|x86.ActiveCfg = Release|Any CPU
		{2FF4CCDF-4B3F-43DE-9EB1-40557C739937}.Release|x86.Build.0 = Release|Any CPU
		{34E15124-2AB3-4743-833A-5BD8CBD5EFD6}.Debug|Any CPU.ActiveCfg = Debug|x86
		{34E15124-2AB3-4743-833A-5BD8CBD5EFD6}.Debug|Any CPU.Build.0 = Debug|x86
		{34E15124-2AB3-4743-833A-5BD8CBD5EFD6}.Debug|x64.ActiveCfg = Debug|Any CPU
		{34E15124-2AB3-4743-833A-5BD8CBD5EFD6}.Debug|x64.Build.0 = Debug|Any CPU
		{34E15124-2AB3-4743-833A-5BD8CBD5EFD6}.Debug|x86.ActiveCfg = Debug|x86
		{34E15124-2AB3-4743-833A-5BD8CBD5EFD6}.Debug|x86.Build.0 = Debug|x86
		{34E15124-2AB3-4743-833A-5BD8CBD5EFD6}.Release|Any CPU.ActiveCfg = Release|Any CPU
		{34E15124-2AB3-4743-833A-5BD8CBD5EFD6}.Release|Any CPU.Build.0 = Release|Any CPU
		{34E15124-2AB3-4743-833A-5BD8CBD5EFD6}.Release|x64.ActiveCfg = Release|Any CPU
		{34E15124-2AB3-4743-833A-5BD8CBD5EFD6}.Release|x64.Build.0 = Release|Any CPU
		{34E15124-2AB3-4743-833A-5BD8CBD5EFD6}.Release|x86.ActiveCfg = Release|Any CPU
		{34E15124-2AB3-4743-833A-5BD8CBD5EFD6}.Release|x86.Build.0 = Release|Any CPU
		{B0BFEF8F-DB54-48DC-AEFF-D168922A9868}.Debug|Any CPU.ActiveCfg = Debug|Any CPU
		{B0BFEF8F-DB54-48DC-AEFF-D168922A9868}.Debug|Any CPU.Build.0 = Debug|Any CPU
		{B0BFEF8F-DB54-48DC-AEFF-D168922A9868}.Debug|x64.ActiveCfg = Debug|Any CPU
		{B0BFEF8F-DB54-48DC-AEFF-D168922A9868}.Debug|x64.Build.0 = Debug|Any CPU
		{B0BFEF8F-DB54-48DC-AEFF-D168922A9868}.Debug|x86.ActiveCfg = Debug|Any CPU
		{B0BFEF8F-DB54-48DC-AEFF-D168922A9868}.Debug|x86.Build.0 = Debug|Any CPU
		{B0BFEF8F-DB54-48DC-AEFF-D168922A9868}.Release|Any CPU.ActiveCfg = Release|Any CPU
		{B0BFEF8F-DB54-48DC-AEFF-D168922A9868}.Release|Any CPU.Build.0 = Release|Any CPU
		{B0BFEF8F-DB54-48DC-AEFF-D168922A9868}.Release|x64.ActiveCfg = Release|Any CPU
		{B0BFEF8F-DB54-48DC-AEFF-D168922A9868}.Release|x64.Build.0 = Release|Any CPU
		{B0BFEF8F-DB54-48DC-AEFF-D168922A9868}.Release|x86.ActiveCfg = Release|Any CPU
		{B0BFEF8F-DB54-48DC-AEFF-D168922A9868}.Release|x86.Build.0 = Release|Any CPU
		{6563377A-B3D2-4932-85C5-23BA55B2D693}.Debug|Any CPU.ActiveCfg = Debug|Any CPU
		{6563377A-B3D2-4932-85C5-23BA55B2D693}.Debug|Any CPU.Build.0 = Debug|Any CPU
		{6563377A-B3D2-4932-85C5-23BA55B2D693}.Debug|x64.ActiveCfg = Debug|Any CPU
		{6563377A-B3D2-4932-85C5-23BA55B2D693}.Debug|x64.Build.0 = Debug|Any CPU
		{6563377A-B3D2-4932-85C5-23BA55B2D693}.Debug|x86.ActiveCfg = Debug|Any CPU
		{6563377A-B3D2-4932-85C5-23BA55B2D693}.Debug|x86.Build.0 = Debug|Any CPU
		{6563377A-B3D2-4932-85C5-23BA55B2D693}.Release|Any CPU.ActiveCfg = Release|Any CPU
		{6563377A-B3D2-4932-85C5-23BA55B2D693}.Release|Any CPU.Build.0 = Release|Any CPU
		{6563377A-B3D2-4932-85C5-23BA55B2D693}.Release|x64.ActiveCfg = Release|Any CPU
		{6563377A-B3D2-4932-85C5-23BA55B2D693}.Release|x64.Build.0 = Release|Any CPU
		{6563377A-B3D2-4932-85C5-23BA55B2D693}.Release|x86.ActiveCfg = Release|Any CPU
		{6563377A-B3D2-4932-85C5-23BA55B2D693}.Release|x86.Build.0 = Release|Any CPU
		{1F548C4B-84A2-4A05-86D4-81932E78C942}.Debug|Any CPU.ActiveCfg = Debug|Any CPU
		{1F548C4B-84A2-4A05-86D4-81932E78C942}.Debug|Any CPU.Build.0 = Debug|Any CPU
		{1F548C4B-84A2-4A05-86D4-81932E78C942}.Debug|x64.ActiveCfg = Debug|Any CPU
		{1F548C4B-84A2-4A05-86D4-81932E78C942}.Debug|x64.Build.0 = Debug|Any CPU
		{1F548C4B-84A2-4A05-86D4-81932E78C942}.Debug|x86.ActiveCfg = Debug|x86
		{1F548C4B-84A2-4A05-86D4-81932E78C942}.Debug|x86.Build.0 = Debug|x86
		{1F548C4B-84A2-4A05-86D4-81932E78C942}.Release|Any CPU.ActiveCfg = Release|Any CPU
		{1F548C4B-84A2-4A05-86D4-81932E78C942}.Release|Any CPU.Build.0 = Release|Any CPU
		{1F548C4B-84A2-4A05-86D4-81932E78C942}.Release|x64.ActiveCfg = Release|Any CPU
		{1F548C4B-84A2-4A05-86D4-81932E78C942}.Release|x64.Build.0 = Release|Any CPU
		{1F548C4B-84A2-4A05-86D4-81932E78C942}.Release|x86.ActiveCfg = Release|Any CPU
		{1F548C4B-84A2-4A05-86D4-81932E78C942}.Release|x86.Build.0 = Release|Any CPU
		{E169914C-8D13-E977-8D4C-A603B5083B3B}.Debug|Any CPU.ActiveCfg = Debug|Any CPU
		{E169914C-8D13-E977-8D4C-A603B5083B3B}.Debug|Any CPU.Build.0 = Debug|Any CPU
		{E169914C-8D13-E977-8D4C-A603B5083B3B}.Debug|x64.ActiveCfg = Debug|Any CPU
		{E169914C-8D13-E977-8D4C-A603B5083B3B}.Debug|x64.Build.0 = Debug|Any CPU
		{E169914C-8D13-E977-8D4C-A603B5083B3B}.Debug|x86.ActiveCfg = Debug|Any CPU
		{E169914C-8D13-E977-8D4C-A603B5083B3B}.Debug|x86.Build.0 = Debug|Any CPU
		{E169914C-8D13-E977-8D4C-A603B5083B3B}.Release|Any CPU.ActiveCfg = Release|Any CPU
		{E169914C-8D13-E977-8D4C-A603B5083B3B}.Release|Any CPU.Build.0 = Release|Any CPU
		{E169914C-8D13-E977-8D4C-A603B5083B3B}.Release|x64.ActiveCfg = Release|Any CPU
		{E169914C-8D13-E977-8D4C-A603B5083B3B}.Release|x64.Build.0 = Release|Any CPU
		{E169914C-8D13-E977-8D4C-A603B5083B3B}.Release|x86.ActiveCfg = Release|Any CPU
		{E169914C-8D13-E977-8D4C-A603B5083B3B}.Release|x86.Build.0 = Release|Any CPU
	EndGlobalSection
	GlobalSection(SolutionProperties) = preSolution
		HideSolutionNode = FALSE
	EndGlobalSection
	GlobalSection(NestedProjects) = preSolution
		{0B1ABDDF-76D1-4956-AF51-00A2357CC4C3} = {C2B7AC55-755F-98EC-7131-AA75D4EC5C29}
		{56EB5B90-DE61-4FE0-9574-063611FA4505} = {3A8DF596-E814-FECC-DD4B-D8EF8AAC1A0D}
		{2FF4CCDF-4B3F-43DE-9EB1-40557C739937} = {C2B7AC55-755F-98EC-7131-AA75D4EC5C29}
		{34E15124-2AB3-4743-833A-5BD8CBD5EFD6} = {4F9DEAE5-078F-E77A-2E4A-FEB6FFE226FF}
		{B0BFEF8F-DB54-48DC-AEFF-D168922A9868} = {3A8DF596-E814-FECC-DD4B-D8EF8AAC1A0D}
		{1F548C4B-84A2-4A05-86D4-81932E78C942} = {4F9DEAE5-078F-E77A-2E4A-FEB6FFE226FF}
		{E169914C-8D13-E977-8D4C-A603B5083B3B} = {3A8DF596-E814-FECC-DD4B-D8EF8AAC1A0D}
	EndGlobalSection
	GlobalSection(ExtensibilityGlobals) = postSolution
		SolutionGuid = {C7903927-DECB-4215-B358-38907CE95BA3}
	EndGlobalSection
EndGlobal
